
Microsoft Visual Studio Solution File, Format Version 12.00
# Visual Studio Version 16
VisualStudioVersion = 16.0.29009.5
MinimumVisualStudioVersion = 10.0.40219.1
Project("{9A19103F-16F7-4668-BE54-9A1E7A4F7556}") = "Exercise1", "Exercise1\Exercise1.csproj", "{058BC5E9-E6B0-433C-A329-CD8EC8B9CB72}"
EndProject
Project("{9A19103F-16F7-4668-BE54-9A1E7A4F7556}") = "Exercise2", "Exercise2\Exercise2.csproj", "{384D7B66-DB9B-4608-A26B-6D1EBBFF7329}"
EndProject
Project("{FAE04EC0-301F-11D3-BF4B-00C04F79EFBC}") = "Exercise3", "Exercise3\Exercise3.csproj", "{507B7811-9F05-413E-82A1-8219E3ECC76B}"
EndProject
Project("{FAE04EC0-301F-11D3-BF4B-00C04F79EFBC}") = "Exercise4", "Exercise4\Exercise4.csproj", "{C43484E4-1296-4775-9829-3241CE890E45}"
EndProject
Project("{FAE04EC0-301F-11D3-BF4B-00C04F79EFBC}") = "PracticeExerciseTests", "PracticeExerciseTests\PracticeExerciseTests.csproj", "{F9008B64-A5C8-411A-98A0-F4A76B39DFD4}"
EndProject
Project("{FAE04EC0-301F-11D3-BF4B-00C04F79EFBC}") = "Exercise5", "Exercise5\Exercise5.csproj", "{5CA63AB4-2880-481A-A9F0-890A1AF243D3}"
EndProject
Project("{FAE04EC0-301F-11D3-BF4B-00C04F79EFBC}") = "Exercise6", "Exercise6\Exercise6.csproj", "{A5FE66D8-A530-4B53-A247-B9BBF0D4A108}"
EndProject
Global
	GlobalSection(SolutionConfigurationPlatforms) = preSolution
		Debug|Any CPU = Debug|Any CPU
		Release|Any CPU = Release|Any CPU
	EndGlobalSection
	GlobalSection(ProjectConfigurationPlatforms) = postSolution
		{058BC5E9-E6B0-433C-A329-CD8EC8B9CB72}.Debug|Any CPU.ActiveCfg = Debug|Any CPU
		{058BC5E9-E6B0-433C-A329-CD8EC8B9CB72}.Debug|Any CPU.Build.0 = Debug|Any CPU
		{058BC5E9-E6B0-433C-A329-CD8EC8B9CB72}.Release|Any CPU.ActiveCfg = Release|Any CPU
		{058BC5E9-E6B0-433C-A329-CD8EC8B9CB72}.Release|Any CPU.Build.0 = Release|Any CPU
		{384D7B66-DB9B-4608-A26B-6D1EBBFF7329}.Debug|Any CPU.ActiveCfg = Debug|Any CPU
		{384D7B66-DB9B-4608-A26B-6D1EBBFF7329}.Debug|Any CPU.Build.0 = Debug|Any CPU
		{384D7B66-DB9B-4608-A26B-6D1EBBFF7329}.Release|Any CPU.ActiveCfg = Release|Any CPU
		{384D7B66-DB9B-4608-A26B-6D1EBBFF7329}.Release|Any CPU.Build.0 = Release|Any CPU
		{507B7811-9F05-413E-82A1-8219E3ECC76B}.Debug|Any CPU.ActiveCfg = Debug|Any CPU
		{507B7811-9F05-413E-82A1-8219E3ECC76B}.Debug|Any CPU.Build.0 = Debug|Any CPU
		{507B7811-9F05-413E-82A1-8219E3ECC76B}.Release|Any CPU.ActiveCfg = Release|Any CPU
		{507B7811-9F05-413E-82A1-8219E3ECC76B}.Release|Any CPU.Build.0 = Release|Any CPU
		{C43484E4-1296-4775-9829-3241CE890E45}.Debug|Any CPU.ActiveCfg = Debug|Any CPU
		{C43484E4-1296-4775-9829-3241CE890E45}.Debug|Any CPU.Build.0 = Debug|Any CPU
		{C43484E4-1296-4775-9829-3241CE890E45}.Release|Any CPU.ActiveCfg = Release|Any CPU
		{C43484E4-1296-4775-9829-3241CE890E45}.Release|Any CPU.Build.0 = Release|Any CPU
		{F9008B64-A5C8-411A-98A0-F4A76B39DFD4}.Debug|Any CPU.ActiveCfg = Debug|Any CPU
		{F9008B64-A5C8-411A-98A0-F4A76B39DFD4}.Debug|Any CPU.Build.0 = Debug|Any CPU
		{F9008B64-A5C8-411A-98A0-F4A76B39DFD4}.Release|Any CPU.ActiveCfg = Release|Any CPU
		{F9008B64-A5C8-411A-98A0-F4A76B39DFD4}.Release|Any CPU.Build.0 = Release|Any CPU
		{5CA63AB4-2880-481A-A9F0-890A1AF243D3}.Debug|Any CPU.ActiveCfg = Debug|Any CPU
		{5CA63AB4-2880-481A-A9F0-890A1AF243D3}.Debug|Any CPU.Build.0 = Debug|Any CPU
		{5CA63AB4-2880-481A-A9F0-890A1AF243D3}.Release|Any CPU.ActiveCfg = Release|Any CPU
		{5CA63AB4-2880-481A-A9F0-890A1AF243D3}.Release|Any CPU.Build.0 = Release|Any CPU
		{A5FE66D8-A530-4B53-A247-B9BBF0D4A108}.Debug|Any CPU.ActiveCfg = Debug|Any CPU
		{A5FE66D8-A530-4B53-A247-B9BBF0D4A108}.Debug|Any CPU.Build.0 = Debug|Any CPU
		{A5FE66D8-A530-4B53-A247-B9BBF0D4A108}.Release|Any CPU.ActiveCfg = Release|Any CPU
		{A5FE66D8-A530-4B53-A247-B9BBF0D4A108}.Release|Any CPU.Build.0 = Release|Any CPU
	EndGlobalSection
	GlobalSection(SolutionProperties) = preSolution
		HideSolutionNode = FALSE
	EndGlobalSection
	GlobalSection(ExtensibilityGlobals) = postSolution
		SolutionGuid = {9A8D090D-443C-4F75-8B16-B9E730A6FA76}
	EndGlobalSection
EndGlobal
